
Microsoft Visual Studio Solution File, Format Version 12.00
# Visual Studio Version 17
VisualStudioVersion = 17.2.32516.85
MinimumVisualStudioVersion = 10.0.40219.1
Project("{FAE04EC0-301F-11D3-BF4B-00C04F79EFBC}") = "Medilo.API", "Medilo.API\Medilo.API.csproj", "{1EBFCBB7-9F07-4D23-AFB7-56E548CD3A8D}"
EndProject
Global
	GlobalSection(SolutionConfigurationPlatforms) = preSolution
		Debug|Any CPU = Debug|Any CPU
		Release|Any CPU = Release|Any CPU
	EndGlobalSection
	GlobalSection(ProjectConfigurationPlatforms) = postSolution
		{1EBFCBB7-9F07-4D23-AFB7-56E548CD3A8D}.Debug|Any CPU.ActiveCfg = Debug|Any CPU
		{1EBFCBB7-9F07-4D23-AFB7-56E548CD3A8D}.Debug|Any CPU.Build.0 = Debug|Any CPU
		{1EBFCBB7-9F07-4D23-AFB7-56E548CD3A8D}.Release|Any CPU.ActiveCfg = Release|Any CPU
		{1EBFCBB7-9F07-4D23-AFB7-56E548CD3A8D}.Release|Any CPU.Build.0 = Release|Any CPU
	EndGlobalSection
	GlobalSection(SolutionProperties) = preSolution
		HideSolutionNode = FALSE
	EndGlobalSection
	GlobalSection(ExtensibilityGlobals) = postSolution
		SolutionGuid = {714B80E3-5D4E-4ABD-A124-47BE73E8130F}
	EndGlobalSection
EndGlobal
